
Microsoft Visual Studio Solution File, Format Version 12.00
# Visual Studio Version 16
VisualStudioVersion = 16.0.30413.136
MinimumVisualStudioVersion = 10.0.40219.1
Project("{FAE04EC0-301F-11D3-BF4B-00C04F79EFBC}") = "Ex_137", "Ex_137\Ex_137.csproj", "{3027E137-2434-4796-BE2E-9B0089B01FDD}"
EndProject
Global
	GlobalSection(SolutionConfigurationPlatforms) = preSolution
		Debug|Any CPU = Debug|Any CPU
		Release|Any CPU = Release|Any CPU
	EndGlobalSection
	GlobalSection(ProjectConfigurationPlatforms) = postSolution
		{3027E137-2434-4796-BE2E-9B0089B01FDD}.Debug|Any CPU.ActiveCfg = Debug|Any CPU
		{3027E137-2434-4796-BE2E-9B0089B01FDD}.Debug|Any CPU.Build.0 = Debug|Any CPU
		{3027E137-2434-4796-BE2E-9B0089B01FDD}.Release|Any CPU.ActiveCfg = Release|Any CPU
		{3027E137-2434-4796-BE2E-9B0089B01FDD}.Release|Any CPU.Build.0 = Release|Any CPU
	EndGlobalSection
	GlobalSection(SolutionProperties) = preSolution
		HideSolutionNode = FALSE
	EndGlobalSection
	GlobalSection(ExtensibilityGlobals) = postSolution
		SolutionGuid = {41544563-38CA-484F-A47C-169FC45240D0}
	EndGlobalSection
EndGlobal
