
Microsoft Visual Studio Solution File, Format Version 12.00
# Visual Studio Version 16
VisualStudioVersion = 16.0.31424.327
MinimumVisualStudioVersion = 10.0.40219.1
Project("{9A19103F-16F7-4668-BE54-9A1E7A4F7556}") = "ColorDialog_FolderBrowser_FontDialog_Test", "ColorDialog_Test\ColorDialog_FolderBrowser_FontDialog_Test.csproj", "{EA329722-5742-4147-BE56-FC05D1C63120}"
EndProject
Global
	GlobalSection(SolutionConfigurationPlatforms) = preSolution
		Debug|Any CPU = Debug|Any CPU
		Release|Any CPU = Release|Any CPU
	EndGlobalSection
	GlobalSection(ProjectConfigurationPlatforms) = postSolution
		{EA329722-5742-4147-BE56-FC05D1C63120}.Debug|Any CPU.ActiveCfg = Debug|Any CPU
		{EA329722-5742-4147-BE56-FC05D1C63120}.Debug|Any CPU.Build.0 = Debug|Any CPU
		{EA329722-5742-4147-BE56-FC05D1C63120}.Release|Any CPU.ActiveCfg = Release|Any CPU
		{EA329722-5742-4147-BE56-FC05D1C63120}.Release|Any CPU.Build.0 = Release|Any CPU
	EndGlobalSection
	GlobalSection(SolutionProperties) = preSolution
		HideSolutionNode = FALSE
	EndGlobalSection
	GlobalSection(ExtensibilityGlobals) = postSolution
		SolutionGuid = {FC1F914B-255A-43A6-BC7D-50C029B0C5D6}
	EndGlobalSection
EndGlobal
