
Microsoft Visual Studio Solution File, Format Version 12.00
# Visual Studio Version 16
VisualStudioVersion = 16.0.30413.136
MinimumVisualStudioVersion = 10.0.40219.1
Project("{FAE04EC0-301F-11D3-BF4B-00C04F79EFBC}") = "Ex_Listas", "Ex_Listas\Ex_Listas.csproj", "{7721F147-D7A1-4451-A5F5-444B446524B7}"
EndProject
Global
	GlobalSection(SolutionConfigurationPlatforms) = preSolution
		Debug|Any CPU = Debug|Any CPU
		Release|Any CPU = Release|Any CPU
	EndGlobalSection
	GlobalSection(ProjectConfigurationPlatforms) = postSolution
		{7721F147-D7A1-4451-A5F5-444B446524B7}.Debug|Any CPU.ActiveCfg = Debug|Any CPU
		{7721F147-D7A1-4451-A5F5-444B446524B7}.Debug|Any CPU.Build.0 = Debug|Any CPU
		{7721F147-D7A1-4451-A5F5-444B446524B7}.Release|Any CPU.ActiveCfg = Release|Any CPU
		{7721F147-D7A1-4451-A5F5-444B446524B7}.Release|Any CPU.Build.0 = Release|Any CPU
	EndGlobalSection
	GlobalSection(SolutionProperties) = preSolution
		HideSolutionNode = FALSE
	EndGlobalSection
	GlobalSection(ExtensibilityGlobals) = postSolution
		SolutionGuid = {1537621B-852F-4DE0-90B8-ED9AD733FD8D}
	EndGlobalSection
EndGlobal
