
Microsoft Visual Studio Solution File, Format Version 12.00
# Visual Studio Version 16
VisualStudioVersion = 16.0.30413.136
MinimumVisualStudioVersion = 10.0.40219.1
Project("{FAE04EC0-301F-11D3-BF4B-00C04F79EFBC}") = "Dictionary_SortedDictionary", "Dictionary_SortedDictionary\Dictionary_SortedDictionary.csproj", "{31F79258-0EAD-4293-88A4-6A42650B9C14}"
EndProject
Global
	GlobalSection(SolutionConfigurationPlatforms) = preSolution
		Debug|Any CPU = Debug|Any CPU
		Release|Any CPU = Release|Any CPU
	EndGlobalSection
	GlobalSection(ProjectConfigurationPlatforms) = postSolution
		{31F79258-0EAD-4293-88A4-6A42650B9C14}.Debug|Any CPU.ActiveCfg = Debug|Any CPU
		{31F79258-0EAD-4293-88A4-6A42650B9C14}.Debug|Any CPU.Build.0 = Debug|Any CPU
		{31F79258-0EAD-4293-88A4-6A42650B9C14}.Release|Any CPU.ActiveCfg = Release|Any CPU
		{31F79258-0EAD-4293-88A4-6A42650B9C14}.Release|Any CPU.Build.0 = Release|Any CPU
	EndGlobalSection
	GlobalSection(SolutionProperties) = preSolution
		HideSolutionNode = FALSE
	EndGlobalSection
	GlobalSection(ExtensibilityGlobals) = postSolution
		SolutionGuid = {78363087-FFF4-4043-90BF-C84A32287FD2}
	EndGlobalSection
EndGlobal
