
Microsoft Visual Studio Solution File, Format Version 12.00
# Visual Studio Version 16
VisualStudioVersion = 16.0.30413.136
MinimumVisualStudioVersion = 10.0.40219.1
Project("{FAE04EC0-301F-11D3-BF4B-00C04F79EFBC}") = "Metodo_Abstrato", "Metodo_Abstrato\Metodo_Abstrato.csproj", "{3854654E-1C91-4164-8834-04A53C0503E7}"
EndProject
Global
	GlobalSection(SolutionConfigurationPlatforms) = preSolution
		Debug|Any CPU = Debug|Any CPU
		Release|Any CPU = Release|Any CPU
	EndGlobalSection
	GlobalSection(ProjectConfigurationPlatforms) = postSolution
		{3854654E-1C91-4164-8834-04A53C0503E7}.Debug|Any CPU.ActiveCfg = Debug|Any CPU
		{3854654E-1C91-4164-8834-04A53C0503E7}.Debug|Any CPU.Build.0 = Debug|Any CPU
		{3854654E-1C91-4164-8834-04A53C0503E7}.Release|Any CPU.ActiveCfg = Release|Any CPU
		{3854654E-1C91-4164-8834-04A53C0503E7}.Release|Any CPU.Build.0 = Release|Any CPU
	EndGlobalSection
	GlobalSection(SolutionProperties) = preSolution
		HideSolutionNode = FALSE
	EndGlobalSection
	GlobalSection(ExtensibilityGlobals) = postSolution
		SolutionGuid = {5E5C92B6-6A0D-430A-BE7B-05C7AE48A231}
	EndGlobalSection
EndGlobal
