
Microsoft Visual Studio Solution File, Format Version 12.00
# Visual Studio Version 16
VisualStudioVersion = 16.0.31424.327
MinimumVisualStudioVersion = 10.0.40219.1
Project("{FAE04EC0-301F-11D3-BF4B-00C04F79EFBC}") = "SocketCliente", "SocketCliente\SocketCliente.csproj", "{6CE828AB-1958-432A-8290-C94E98F013FF}"
EndProject
Global
	GlobalSection(SolutionConfigurationPlatforms) = preSolution
		Debug|Any CPU = Debug|Any CPU
		Release|Any CPU = Release|Any CPU
	EndGlobalSection
	GlobalSection(ProjectConfigurationPlatforms) = postSolution
		{6CE828AB-1958-432A-8290-C94E98F013FF}.Debug|Any CPU.ActiveCfg = Debug|Any CPU
		{6CE828AB-1958-432A-8290-C94E98F013FF}.Debug|Any CPU.Build.0 = Debug|Any CPU
		{6CE828AB-1958-432A-8290-C94E98F013FF}.Release|Any CPU.ActiveCfg = Release|Any CPU
		{6CE828AB-1958-432A-8290-C94E98F013FF}.Release|Any CPU.Build.0 = Release|Any CPU
	EndGlobalSection
	GlobalSection(SolutionProperties) = preSolution
		HideSolutionNode = FALSE
	EndGlobalSection
	GlobalSection(ExtensibilityGlobals) = postSolution
		SolutionGuid = {932744BE-F9C2-4087-B41A-81F6EFFDF2EB}
	EndGlobalSection
EndGlobal
