
Microsoft Visual Studio Solution File, Format Version 12.00
# Visual Studio Version 16
VisualStudioVersion = 16.0.31424.327
MinimumVisualStudioVersion = 10.0.40219.1
Project("{FAE04EC0-301F-11D3-BF4B-00C04F79EFBC}") = "BackgroundWorker_Test", "BackgroundWorker_Test\BackgroundWorker_Test.csproj", "{37472EF3-D41E-4C64-B12B-F4B23469827B}"
EndProject
Global
	GlobalSection(SolutionConfigurationPlatforms) = preSolution
		Debug|Any CPU = Debug|Any CPU
		Release|Any CPU = Release|Any CPU
	EndGlobalSection
	GlobalSection(ProjectConfigurationPlatforms) = postSolution
		{37472EF3-D41E-4C64-B12B-F4B23469827B}.Debug|Any CPU.ActiveCfg = Debug|Any CPU
		{37472EF3-D41E-4C64-B12B-F4B23469827B}.Debug|Any CPU.Build.0 = Debug|Any CPU
		{37472EF3-D41E-4C64-B12B-F4B23469827B}.Release|Any CPU.ActiveCfg = Release|Any CPU
		{37472EF3-D41E-4C64-B12B-F4B23469827B}.Release|Any CPU.Build.0 = Release|Any CPU
	EndGlobalSection
	GlobalSection(SolutionProperties) = preSolution
		HideSolutionNode = FALSE
	EndGlobalSection
	GlobalSection(ExtensibilityGlobals) = postSolution
		SolutionGuid = {D8259E35-5E60-4B67-AD5A-980C57697CF6}
	EndGlobalSection
EndGlobal
