
Microsoft Visual Studio Solution File, Format Version 12.00
# Visual Studio Version 16
VisualStudioVersion = 16.0.30413.136
MinimumVisualStudioVersion = 10.0.40219.1
Project("{FAE04EC0-301F-11D3-BF4B-00C04F79EFBC}") = "Predicates", "Predicates\Predicates.csproj", "{49F89655-1B71-4ADE-AE8C-4DEFC633C38E}"
EndProject
Global
	GlobalSection(SolutionConfigurationPlatforms) = preSolution
		Debug|Any CPU = Debug|Any CPU
		Release|Any CPU = Release|Any CPU
	EndGlobalSection
	GlobalSection(ProjectConfigurationPlatforms) = postSolution
		{49F89655-1B71-4ADE-AE8C-4DEFC633C38E}.Debug|Any CPU.ActiveCfg = Debug|Any CPU
		{49F89655-1B71-4ADE-AE8C-4DEFC633C38E}.Debug|Any CPU.Build.0 = Debug|Any CPU
		{49F89655-1B71-4ADE-AE8C-4DEFC633C38E}.Release|Any CPU.ActiveCfg = Release|Any CPU
		{49F89655-1B71-4ADE-AE8C-4DEFC633C38E}.Release|Any CPU.Build.0 = Release|Any CPU
	EndGlobalSection
	GlobalSection(SolutionProperties) = preSolution
		HideSolutionNode = FALSE
	EndGlobalSection
	GlobalSection(ExtensibilityGlobals) = postSolution
		SolutionGuid = {A6D19B62-A89E-4103-8762-F296A0B5F483}
	EndGlobalSection
EndGlobal
