
Microsoft Visual Studio Solution File, Format Version 12.00
# Visual Studio Version 16
VisualStudioVersion = 16.0.30413.136
MinimumVisualStudioVersion = 10.0.40219.1
Project("{FAE04EC0-301F-11D3-BF4B-00C04F79EFBC}") = "Delegate_Func", "Delegate_Func\Delegate_Func.csproj", "{FA8E73A1-04F7-4506-B47D-88BD1DAA0B00}"
EndProject
Global
	GlobalSection(SolutionConfigurationPlatforms) = preSolution
		Debug|Any CPU = Debug|Any CPU
		Release|Any CPU = Release|Any CPU
	EndGlobalSection
	GlobalSection(ProjectConfigurationPlatforms) = postSolution
		{FA8E73A1-04F7-4506-B47D-88BD1DAA0B00}.Debug|Any CPU.ActiveCfg = Debug|Any CPU
		{FA8E73A1-04F7-4506-B47D-88BD1DAA0B00}.Debug|Any CPU.Build.0 = Debug|Any CPU
		{FA8E73A1-04F7-4506-B47D-88BD1DAA0B00}.Release|Any CPU.ActiveCfg = Release|Any CPU
		{FA8E73A1-04F7-4506-B47D-88BD1DAA0B00}.Release|Any CPU.Build.0 = Release|Any CPU
	EndGlobalSection
	GlobalSection(SolutionProperties) = preSolution
		HideSolutionNode = FALSE
	EndGlobalSection
	GlobalSection(ExtensibilityGlobals) = postSolution
		SolutionGuid = {7D44803A-F519-47E5-80E7-7C581A2BDA5B}
	EndGlobalSection
EndGlobal
