
Microsoft Visual Studio Solution File, Format Version 12.00
# Visual Studio Version 16
VisualStudioVersion = 16.0.30413.136
MinimumVisualStudioVersion = 10.0.40219.1
Project("{FAE04EC0-301F-11D3-BF4B-00C04F79EFBC}") = "Pedidos", "Pedidos\Pedidos.csproj", "{D132F6FA-07C1-4888-B58D-DF0948125117}"
EndProject
Global
	GlobalSection(SolutionConfigurationPlatforms) = preSolution
		Debug|Any CPU = Debug|Any CPU
		Release|Any CPU = Release|Any CPU
	EndGlobalSection
	GlobalSection(ProjectConfigurationPlatforms) = postSolution
		{D132F6FA-07C1-4888-B58D-DF0948125117}.Debug|Any CPU.ActiveCfg = Debug|Any CPU
		{D132F6FA-07C1-4888-B58D-DF0948125117}.Debug|Any CPU.Build.0 = Debug|Any CPU
		{D132F6FA-07C1-4888-B58D-DF0948125117}.Release|Any CPU.ActiveCfg = Release|Any CPU
		{D132F6FA-07C1-4888-B58D-DF0948125117}.Release|Any CPU.Build.0 = Release|Any CPU
	EndGlobalSection
	GlobalSection(SolutionProperties) = preSolution
		HideSolutionNode = FALSE
	EndGlobalSection
	GlobalSection(ExtensibilityGlobals) = postSolution
		SolutionGuid = {17BEA462-D767-4A1B-9940-045E170BF9C2}
	EndGlobalSection
EndGlobal
