
Microsoft Visual Studio Solution File, Format Version 12.00
# Visual Studio Version 16
VisualStudioVersion = 16.0.30413.136
MinimumVisualStudioVersion = 10.0.40219.1
Project("{FAE04EC0-301F-11D3-BF4B-00C04F79EFBC}") = "Ex_146", "Ex_146\Ex_146.csproj", "{1400A9C6-56ED-407F-B065-1A7DFBD33083}"
EndProject
Global
	GlobalSection(SolutionConfigurationPlatforms) = preSolution
		Debug|Any CPU = Debug|Any CPU
		Release|Any CPU = Release|Any CPU
	EndGlobalSection
	GlobalSection(ProjectConfigurationPlatforms) = postSolution
		{1400A9C6-56ED-407F-B065-1A7DFBD33083}.Debug|Any CPU.ActiveCfg = Debug|Any CPU
		{1400A9C6-56ED-407F-B065-1A7DFBD33083}.Debug|Any CPU.Build.0 = Debug|Any CPU
		{1400A9C6-56ED-407F-B065-1A7DFBD33083}.Release|Any CPU.ActiveCfg = Release|Any CPU
		{1400A9C6-56ED-407F-B065-1A7DFBD33083}.Release|Any CPU.Build.0 = Release|Any CPU
	EndGlobalSection
	GlobalSection(SolutionProperties) = preSolution
		HideSolutionNode = FALSE
	EndGlobalSection
	GlobalSection(ExtensibilityGlobals) = postSolution
		SolutionGuid = {82425FB3-76DA-471B-841C-94D5F53B7CD9}
	EndGlobalSection
EndGlobal
