
Microsoft Visual Studio Solution File, Format Version 12.00
# Visual Studio Version 16
VisualStudioVersion = 16.0.30413.136
MinimumVisualStudioVersion = 10.0.40219.1
Project("{FAE04EC0-301F-11D3-BF4B-00C04F79EFBC}") = "Delegates", "Delegates\Delegates.csproj", "{D2D417E4-97A0-4310-A045-429A2054B988}"
EndProject
Global
	GlobalSection(SolutionConfigurationPlatforms) = preSolution
		Debug|Any CPU = Debug|Any CPU
		Release|Any CPU = Release|Any CPU
	EndGlobalSection
	GlobalSection(ProjectConfigurationPlatforms) = postSolution
		{D2D417E4-97A0-4310-A045-429A2054B988}.Debug|Any CPU.ActiveCfg = Debug|Any CPU
		{D2D417E4-97A0-4310-A045-429A2054B988}.Debug|Any CPU.Build.0 = Debug|Any CPU
		{D2D417E4-97A0-4310-A045-429A2054B988}.Release|Any CPU.ActiveCfg = Release|Any CPU
		{D2D417E4-97A0-4310-A045-429A2054B988}.Release|Any CPU.Build.0 = Release|Any CPU
	EndGlobalSection
	GlobalSection(SolutionProperties) = preSolution
		HideSolutionNode = FALSE
	EndGlobalSection
	GlobalSection(ExtensibilityGlobals) = postSolution
		SolutionGuid = {F5DC01E1-0EB6-4A94-BB2D-35639740149C}
	EndGlobalSection
EndGlobal
