
Microsoft Visual Studio Solution File, Format Version 12.00
# Visual Studio Version 16
VisualStudioVersion = 16.0.31424.327
MinimumVisualStudioVersion = 10.0.40219.1
Project("{9A19103F-16F7-4668-BE54-9A1E7A4F7556}") = "OpenFileDialog_SaveFileDialog_Test", "OpenFileDialog_Test\OpenFileDialog_SaveFileDialog_Test.csproj", "{C328DC7C-0336-4893-A4D6-9806EF86A4D1}"
EndProject
Global
	GlobalSection(SolutionConfigurationPlatforms) = preSolution
		Debug|Any CPU = Debug|Any CPU
		Release|Any CPU = Release|Any CPU
	EndGlobalSection
	GlobalSection(ProjectConfigurationPlatforms) = postSolution
		{C328DC7C-0336-4893-A4D6-9806EF86A4D1}.Debug|Any CPU.ActiveCfg = Debug|Any CPU
		{C328DC7C-0336-4893-A4D6-9806EF86A4D1}.Debug|Any CPU.Build.0 = Debug|Any CPU
		{C328DC7C-0336-4893-A4D6-9806EF86A4D1}.Release|Any CPU.ActiveCfg = Release|Any CPU
		{C328DC7C-0336-4893-A4D6-9806EF86A4D1}.Release|Any CPU.Build.0 = Release|Any CPU
	EndGlobalSection
	GlobalSection(SolutionProperties) = preSolution
		HideSolutionNode = FALSE
	EndGlobalSection
	GlobalSection(ExtensibilityGlobals) = postSolution
		SolutionGuid = {135CEECB-D629-4AD8-8FFD-18962055B86B}
	EndGlobalSection
EndGlobal
