
Microsoft Visual Studio Solution File, Format Version 12.00
# Visual Studio Version 16
VisualStudioVersion = 16.0.30413.136
MinimumVisualStudioVersion = 10.0.40219.1
Project("{FAE04EC0-301F-11D3-BF4B-00C04F79EFBC}") = "Excecoes_Personalizadas", "Excecoes_Personalizadas\Excecoes_Personalizadas.csproj", "{E60BDEF3-EE60-40B9-B7DD-4997DD22BC2F}"
EndProject
Global
	GlobalSection(SolutionConfigurationPlatforms) = preSolution
		Debug|Any CPU = Debug|Any CPU
		Release|Any CPU = Release|Any CPU
	EndGlobalSection
	GlobalSection(ProjectConfigurationPlatforms) = postSolution
		{E60BDEF3-EE60-40B9-B7DD-4997DD22BC2F}.Debug|Any CPU.ActiveCfg = Debug|Any CPU
		{E60BDEF3-EE60-40B9-B7DD-4997DD22BC2F}.Debug|Any CPU.Build.0 = Debug|Any CPU
		{E60BDEF3-EE60-40B9-B7DD-4997DD22BC2F}.Release|Any CPU.ActiveCfg = Release|Any CPU
		{E60BDEF3-EE60-40B9-B7DD-4997DD22BC2F}.Release|Any CPU.Build.0 = Release|Any CPU
	EndGlobalSection
	GlobalSection(SolutionProperties) = preSolution
		HideSolutionNode = FALSE
	EndGlobalSection
	GlobalSection(ExtensibilityGlobals) = postSolution
		SolutionGuid = {F7CBD06A-4CCE-4449-89CE-E3B5A106756C}
	EndGlobalSection
EndGlobal
