
Microsoft Visual Studio Solution File, Format Version 12.00
# Visual Studio Version 16
VisualStudioVersion = 16.0.30413.136
MinimumVisualStudioVersion = 10.0.40219.1
Project("{FAE04EC0-301F-11D3-BF4B-00C04F79EFBC}") = "Ex_Conta", "Ex_Conta\Ex_Conta.csproj", "{2DE4B349-3BD2-4CC3-AAE8-D8B09C3B12A1}"
EndProject
Global
	GlobalSection(SolutionConfigurationPlatforms) = preSolution
		Debug|Any CPU = Debug|Any CPU
		Release|Any CPU = Release|Any CPU
	EndGlobalSection
	GlobalSection(ProjectConfigurationPlatforms) = postSolution
		{2DE4B349-3BD2-4CC3-AAE8-D8B09C3B12A1}.Debug|Any CPU.ActiveCfg = Debug|Any CPU
		{2DE4B349-3BD2-4CC3-AAE8-D8B09C3B12A1}.Debug|Any CPU.Build.0 = Debug|Any CPU
		{2DE4B349-3BD2-4CC3-AAE8-D8B09C3B12A1}.Release|Any CPU.ActiveCfg = Release|Any CPU
		{2DE4B349-3BD2-4CC3-AAE8-D8B09C3B12A1}.Release|Any CPU.Build.0 = Release|Any CPU
	EndGlobalSection
	GlobalSection(SolutionProperties) = preSolution
		HideSolutionNode = FALSE
	EndGlobalSection
	GlobalSection(ExtensibilityGlobals) = postSolution
		SolutionGuid = {52096716-1A2D-4F9B-A722-2799AD5EFB17}
	EndGlobalSection
EndGlobal
